
Microsoft Visual Studio Solution File, Format Version 12.00
# Visual Studio Version 16
VisualStudioVersion = 16.0.30611.23
MinimumVisualStudioVersion = 10.0.40219.1
Project("{2150E333-8FDC-42A3-9474-1A3956D46DE8}") = "VaultIntegration_Example", "VaultIntegration_Example", "{BC014C9C-3C2D-43C8-87CD-AC56596169CB}"
EndProject
Project("{9A19103F-16F7-4668-BE54-9A1E7A4F7556}") = "VaultIntegration_Example", "Example\VaultIntegration_Example\VaultIntegration_Example.csproj", "{F6C10915-B12A-4FC7-BB73-C2CE72684E6F}"
EndProject
Project("{2150E333-8FDC-42A3-9474-1A3956D46DE8}") = "Example", "Example", "{45B4D408-5630-4195-957A-5D99B72F9FF0}"
EndProject
Project("{2150E333-8FDC-42A3-9474-1A3956D46DE8}") = "src", "src", "{AC5A0320-EA0E-42C7-BCE4-F7C7A5B0632C}"
EndProject
Project("{2150E333-8FDC-42A3-9474-1A3956D46DE8}") = "Joint", "Joint", "{E2F5BE0A-37FF-41E1-8177-AD1E547AA1CB}"
EndProject
Project("{9A19103F-16F7-4668-BE54-9A1E7A4F7556}") = "Joint", "..\Joint\Joint\Joint.csproj", "{870BA92A-1585-4D3B-8B47-F44F0DCCE9D0}"
EndProject
Project("{2150E333-8FDC-42A3-9474-1A3956D46DE8}") = "Joint.Auth", "Joint.Auth", "{EEA15EA8-26DB-4C1C-A6DE-1919A72AF47D}"
EndProject
Project("{9A19103F-16F7-4668-BE54-9A1E7A4F7556}") = "Joint.Auth", "..\Joint.Auth\Joint.Auth\Joint.Auth.csproj", "{1BA3E0B7-B2C0-4EF8-87D3-3C23B9ACC89C}"
EndProject
Project("{2150E333-8FDC-42A3-9474-1A3956D46DE8}") = "Joint.CQRS.Commands", "Joint.CQRS.Commands", "{A615BAB5-B5D2-41C6-8505-0307F8ECAEC7}"
EndProject
Project("{2150E333-8FDC-42A3-9474-1A3956D46DE8}") = "Joint.CQRS.Events", "Joint.CQRS.Events", "{F07CC0A0-9C64-4E33-BE0F-AA334DE484D9}"
EndProject
Project("{2150E333-8FDC-42A3-9474-1A3956D46DE8}") = "Joint.CQRS.Queries", "Joint.CQRS.Queries", "{5B44B833-4E62-40CF-90B0-E426D3379B16}"
EndProject
Project("{2150E333-8FDC-42A3-9474-1A3956D46DE8}") = "Joint.DB.Mongo", "Joint.DB.Mongo", "{54AC392D-50D1-411A-A2A6-9101243B5A20}"
EndProject
Project("{2150E333-8FDC-42A3-9474-1A3956D46DE8}") = "Joint.DB.Redis", "Joint.DB.Redis", "{7BFFCC50-090F-4A75-AD4E-BD1552ACC7EF}"
EndProject
Project("{2150E333-8FDC-42A3-9474-1A3956D46DE8}") = "Joint.Discovery.Consul", "Joint.Discovery.Consul", "{EA169EC7-FEF8-4FD8-BC3D-7394362807C3}"
EndProject
Project("{2150E333-8FDC-42A3-9474-1A3956D46DE8}") = "Joint.Docs.Swagger", "Joint.Docs.Swagger", "{D73A3725-DF42-48CF-8C72-F8F1467B7E5B}"
EndProject
Project("{2150E333-8FDC-42A3-9474-1A3956D46DE8}") = "Joint.Exception", "Joint.Exception", "{557959CA-D3C2-43FE-99F3-9B267B595A63}"
EndProject
Project("{2150E333-8FDC-42A3-9474-1A3956D46DE8}") = "Joint.HTTP", "Joint.HTTP", "{0BC3E489-2798-4625-A005-8F89BBDCC425}"
EndProject
Project("{2150E333-8FDC-42A3-9474-1A3956D46DE8}") = "Joint.Logging", "Joint.Logging", "{FAF1B2ED-FDF1-44B4-B819-2B0097BC248A}"
EndProject
Project("{2150E333-8FDC-42A3-9474-1A3956D46DE8}") = "Joint.Secrets.Vault", "Joint.Secrets.Vault", "{E8E8F7C5-1817-42B7-BDCB-6C3E726C995C}"
EndProject
Project("{2150E333-8FDC-42A3-9474-1A3956D46DE8}") = "Joint.WebApi", "Joint.WebApi", "{300ED01E-8C1C-41D0-81B2-FC277EE5C403}"
EndProject
Project("{9A19103F-16F7-4668-BE54-9A1E7A4F7556}") = "Joint.CQRS.Commands", "..\Joint.CQRS.Commands\Joint.CQRS.Commands\Joint.CQRS.Commands.csproj", "{31C90EDB-F713-468C-843F-124EBDA8E439}"
EndProject
Project("{9A19103F-16F7-4668-BE54-9A1E7A4F7556}") = "Joint.CQRS.Events", "..\Joint.CQRS.Events\Joint.CQRS.Events\Joint.CQRS.Events.csproj", "{1E0A3CD4-0BD5-4EA3-AFE4-91DFE368CC6F}"
EndProject
Project("{9A19103F-16F7-4668-BE54-9A1E7A4F7556}") = "Joint.CQRS.Queries", "..\Joint.CQRS.Queries\Joint.CQRS.Queries\Joint.CQRS.Queries.csproj", "{4873A9C4-5509-44FC-975B-12C7B9077F48}"
EndProject
Project("{9A19103F-16F7-4668-BE54-9A1E7A4F7556}") = "Joint.DB.Mongo", "..\Joint.DB.Mongo\Joint.DB.Mongo\Joint.DB.Mongo.csproj", "{478FD050-E472-42DA-A832-F8DACE34D59F}"
EndProject
Project("{9A19103F-16F7-4668-BE54-9A1E7A4F7556}") = "Joint.DB.Redis", "..\Joint.DB.Redis\Joint.DB.Redis\Joint.DB.Redis.csproj", "{E4BD2A4C-C901-4738-AEBF-3FC1743D6EF1}"
EndProject
Project("{9A19103F-16F7-4668-BE54-9A1E7A4F7556}") = "Joint.Discovery.Consul", "..\Joint.Discovery.Consul\Joint.Discovery.Consul\Joint.Discovery.Consul.csproj", "{ECE439CE-C324-401E-8124-E795DFDB0916}"
EndProject
Project("{9A19103F-16F7-4668-BE54-9A1E7A4F7556}") = "Joint.Docs.Swagger", "..\Joint.Docs.Swagger\Joint.Docs.Swagger\Joint.Docs.Swagger.csproj", "{864E71BC-B1E3-4D2D-9771-74557D87C059}"
EndProject
Project("{9A19103F-16F7-4668-BE54-9A1E7A4F7556}") = "Joint.Exception", "..\Joint.Exception\Joint.Exception\Joint.Exception.csproj", "{768ADF6D-6AAA-4C95-BD17-15B580F415F1}"
EndProject
Project("{9A19103F-16F7-4668-BE54-9A1E7A4F7556}") = "Joint.HTTP", "..\Joint.HTTP\Joint.HTTP\Joint.HTTP.csproj", "{012106B2-82F7-479C-87CB-33B263AC0E7F}"
EndProject
Project("{9A19103F-16F7-4668-BE54-9A1E7A4F7556}") = "Joint.Logging", "..\Joint.Logging\Joint.Logging\Joint.Logging.csproj", "{51ADED94-BBD9-4C75-9CE1-EFC7DC1D86AB}"
EndProject
Project("{9A19103F-16F7-4668-BE54-9A1E7A4F7556}") = "Joint.Secrets.Vault", "..\Joint.Secrets.Vault\Joint.Secrets.Vault\Joint.Secrets.Vault.csproj", "{B2B06F20-91AA-4BF8-A56C-A890189D1BD5}"
EndProject
Project("{9A19103F-16F7-4668-BE54-9A1E7A4F7556}") = "Joint.WebApi", "..\Joint.WebApi\Joint.WebApi\Joint.WebApi.csproj", "{89BC5763-9BF2-4C07-90E3-4B8DB47F90C1}"
EndProject
Global
	GlobalSection(SolutionConfigurationPlatforms) = preSolution
		Debug|Any CPU = Debug|Any CPU
		Release|Any CPU = Release|Any CPU
	EndGlobalSection
	GlobalSection(ProjectConfigurationPlatforms) = postSolution
		{F6C10915-B12A-4FC7-BB73-C2CE72684E6F}.Debug|Any CPU.ActiveCfg = Debug|Any CPU
		{F6C10915-B12A-4FC7-BB73-C2CE72684E6F}.Debug|Any CPU.Build.0 = Debug|Any CPU
		{F6C10915-B12A-4FC7-BB73-C2CE72684E6F}.Release|Any CPU.ActiveCfg = Release|Any CPU
		{F6C10915-B12A-4FC7-BB73-C2CE72684E6F}.Release|Any CPU.Build.0 = Release|Any CPU
		{870BA92A-1585-4D3B-8B47-F44F0DCCE9D0}.Debug|Any CPU.ActiveCfg = Debug|Any CPU
		{870BA92A-1585-4D3B-8B47-F44F0DCCE9D0}.Debug|Any CPU.Build.0 = Debug|Any CPU
		{870BA92A-1585-4D3B-8B47-F44F0DCCE9D0}.Release|Any CPU.ActiveCfg = Release|Any CPU
		{870BA92A-1585-4D3B-8B47-F44F0DCCE9D0}.Release|Any CPU.Build.0 = Release|Any CPU
		{1BA3E0B7-B2C0-4EF8-87D3-3C23B9ACC89C}.Debug|Any CPU.ActiveCfg = Debug|Any CPU
		{1BA3E0B7-B2C0-4EF8-87D3-3C23B9ACC89C}.Debug|Any CPU.Build.0 = Debug|Any CPU
		{1BA3E0B7-B2C0-4EF8-87D3-3C23B9ACC89C}.Release|Any CPU.ActiveCfg = Release|Any CPU
		{1BA3E0B7-B2C0-4EF8-87D3-3C23B9ACC89C}.Release|Any CPU.Build.0 = Release|Any CPU
		{31C90EDB-F713-468C-843F-124EBDA8E439}.Debug|Any CPU.ActiveCfg = Debug|Any CPU
		{31C90EDB-F713-468C-843F-124EBDA8E439}.Debug|Any CPU.Build.0 = Debug|Any CPU
		{31C90EDB-F713-468C-843F-124EBDA8E439}.Release|Any CPU.ActiveCfg = Release|Any CPU
		{31C90EDB-F713-468C-843F-124EBDA8E439}.Release|Any CPU.Build.0 = Release|Any CPU
		{1E0A3CD4-0BD5-4EA3-AFE4-91DFE368CC6F}.Debug|Any CPU.ActiveCfg = Debug|Any CPU
		{1E0A3CD4-0BD5-4EA3-AFE4-91DFE368CC6F}.Debug|Any CPU.Build.0 = Debug|Any CPU
		{1E0A3CD4-0BD5-4EA3-AFE4-91DFE368CC6F}.Release|Any CPU.ActiveCfg = Release|Any CPU
		{1E0A3CD4-0BD5-4EA3-AFE4-91DFE368CC6F}.Release|Any CPU.Build.0 = Release|Any CPU
		{4873A9C4-5509-44FC-975B-12C7B9077F48}.Debug|Any CPU.ActiveCfg = Debug|Any CPU
		{4873A9C4-5509-44FC-975B-12C7B9077F48}.Debug|Any CPU.Build.0 = Debug|Any CPU
		{4873A9C4-5509-44FC-975B-12C7B9077F48}.Release|Any CPU.ActiveCfg = Release|Any CPU
		{4873A9C4-5509-44FC-975B-12C7B9077F48}.Release|Any CPU.Build.0 = Release|Any CPU
		{478FD050-E472-42DA-A832-F8DACE34D59F}.Debug|Any CPU.ActiveCfg = Debug|Any CPU
		{478FD050-E472-42DA-A832-F8DACE34D59F}.Debug|Any CPU.Build.0 = Debug|Any CPU
		{478FD050-E472-42DA-A832-F8DACE34D59F}.Release|Any CPU.ActiveCfg = Release|Any CPU
		{478FD050-E472-42DA-A832-F8DACE34D59F}.Release|Any CPU.Build.0 = Release|Any CPU
		{E4BD2A4C-C901-4738-AEBF-3FC1743D6EF1}.Debug|Any CPU.ActiveCfg = Debug|Any CPU
		{E4BD2A4C-C901-4738-AEBF-3FC1743D6EF1}.Debug|Any CPU.Build.0 = Debug|Any CPU
		{E4BD2A4C-C901-4738-AEBF-3FC1743D6EF1}.Release|Any CPU.ActiveCfg = Release|Any CPU
		{E4BD2A4C-C901-4738-AEBF-3FC1743D6EF1}.Release|Any CPU.Build.0 = Release|Any CPU
		{ECE439CE-C324-401E-8124-E795DFDB0916}.Debug|Any CPU.ActiveCfg = Debug|Any CPU
		{ECE439CE-C324-401E-8124-E795DFDB0916}.Debug|Any CPU.Build.0 = Debug|Any CPU
		{ECE439CE-C324-401E-8124-E795DFDB0916}.Release|Any CPU.ActiveCfg = Release|Any CPU
		{ECE439CE-C324-401E-8124-E795DFDB0916}.Release|Any CPU.Build.0 = Release|Any CPU
		{864E71BC-B1E3-4D2D-9771-74557D87C059}.Debug|Any CPU.ActiveCfg = Debug|Any CPU
		{864E71BC-B1E3-4D2D-9771-74557D87C059}.Debug|Any CPU.Build.0 = Debug|Any CPU
		{864E71BC-B1E3-4D2D-9771-74557D87C059}.Release|Any CPU.ActiveCfg = Release|Any CPU
		{864E71BC-B1E3-4D2D-9771-74557D87C059}.Release|Any CPU.Build.0 = Release|Any CPU
		{768ADF6D-6AAA-4C95-BD17-15B580F415F1}.Debug|Any CPU.ActiveCfg = Debug|Any CPU
		{768ADF6D-6AAA-4C95-BD17-15B580F415F1}.Debug|Any CPU.Build.0 = Debug|Any CPU
		{768ADF6D-6AAA-4C95-BD17-15B580F415F1}.Release|Any CPU.ActiveCfg = Release|Any CPU
		{768ADF6D-6AAA-4C95-BD17-15B580F415F1}.Release|Any CPU.Build.0 = Release|Any CPU
		{012106B2-82F7-479C-87CB-33B263AC0E7F}.Debug|Any CPU.ActiveCfg = Debug|Any CPU
		{012106B2-82F7-479C-87CB-33B263AC0E7F}.Debug|Any CPU.Build.0 = Debug|Any CPU
		{012106B2-82F7-479C-87CB-33B263AC0E7F}.Release|Any CPU.ActiveCfg = Release|Any CPU
		{012106B2-82F7-479C-87CB-33B263AC0E7F}.Release|Any CPU.Build.0 = Release|Any CPU
		{51ADED94-BBD9-4C75-9CE1-EFC7DC1D86AB}.Debug|Any CPU.ActiveCfg = Debug|Any CPU
		{51ADED94-BBD9-4C75-9CE1-EFC7DC1D86AB}.Debug|Any CPU.Build.0 = Debug|Any CPU
		{51ADED94-BBD9-4C75-9CE1-EFC7DC1D86AB}.Release|Any CPU.ActiveCfg = Release|Any CPU
		{51ADED94-BBD9-4C75-9CE1-EFC7DC1D86AB}.Release|Any CPU.Build.0 = Release|Any CPU
		{B2B06F20-91AA-4BF8-A56C-A890189D1BD5}.Debug|Any CPU.ActiveCfg = Debug|Any CPU
		{B2B06F20-91AA-4BF8-A56C-A890189D1BD5}.Debug|Any CPU.Build.0 = Debug|Any CPU
		{B2B06F20-91AA-4BF8-A56C-A890189D1BD5}.Release|Any CPU.ActiveCfg = Release|Any CPU
		{B2B06F20-91AA-4BF8-A56C-A890189D1BD5}.Release|Any CPU.Build.0 = Release|Any CPU
		{89BC5763-9BF2-4C07-90E3-4B8DB47F90C1}.Debug|Any CPU.ActiveCfg = Debug|Any CPU
		{89BC5763-9BF2-4C07-90E3-4B8DB47F90C1}.Debug|Any CPU.Build.0 = Debug|Any CPU
		{89BC5763-9BF2-4C07-90E3-4B8DB47F90C1}.Release|Any CPU.ActiveCfg = Release|Any CPU
		{89BC5763-9BF2-4C07-90E3-4B8DB47F90C1}.Release|Any CPU.Build.0 = Release|Any CPU
	EndGlobalSection
	GlobalSection(SolutionProperties) = preSolution
		HideSolutionNode = FALSE
	EndGlobalSection
	GlobalSection(NestedProjects) = preSolution
		{BC014C9C-3C2D-43C8-87CD-AC56596169CB} = {45B4D408-5630-4195-957A-5D99B72F9FF0}
		{F6C10915-B12A-4FC7-BB73-C2CE72684E6F} = {BC014C9C-3C2D-43C8-87CD-AC56596169CB}
		{E2F5BE0A-37FF-41E1-8177-AD1E547AA1CB} = {AC5A0320-EA0E-42C7-BCE4-F7C7A5B0632C}
		{870BA92A-1585-4D3B-8B47-F44F0DCCE9D0} = {E2F5BE0A-37FF-41E1-8177-AD1E547AA1CB}
		{EEA15EA8-26DB-4C1C-A6DE-1919A72AF47D} = {AC5A0320-EA0E-42C7-BCE4-F7C7A5B0632C}
		{1BA3E0B7-B2C0-4EF8-87D3-3C23B9ACC89C} = {EEA15EA8-26DB-4C1C-A6DE-1919A72AF47D}
		{A615BAB5-B5D2-41C6-8505-0307F8ECAEC7} = {AC5A0320-EA0E-42C7-BCE4-F7C7A5B0632C}
		{F07CC0A0-9C64-4E33-BE0F-AA334DE484D9} = {AC5A0320-EA0E-42C7-BCE4-F7C7A5B0632C}
		{5B44B833-4E62-40CF-90B0-E426D3379B16} = {AC5A0320-EA0E-42C7-BCE4-F7C7A5B0632C}
		{54AC392D-50D1-411A-A2A6-9101243B5A20} = {AC5A0320-EA0E-42C7-BCE4-F7C7A5B0632C}
		{7BFFCC50-090F-4A75-AD4E-BD1552ACC7EF} = {AC5A0320-EA0E-42C7-BCE4-F7C7A5B0632C}
		{EA169EC7-FEF8-4FD8-BC3D-7394362807C3} = {AC5A0320-EA0E-42C7-BCE4-F7C7A5B0632C}
		{D73A3725-DF42-48CF-8C72-F8F1467B7E5B} = {AC5A0320-EA0E-42C7-BCE4-F7C7A5B0632C}
		{557959CA-D3C2-43FE-99F3-9B267B595A63} = {AC5A0320-EA0E-42C7-BCE4-F7C7A5B0632C}
		{0BC3E489-2798-4625-A005-8F89BBDCC425} = {AC5A0320-EA0E-42C7-BCE4-F7C7A5B0632C}
		{FAF1B2ED-FDF1-44B4-B819-2B0097BC248A} = {AC5A0320-EA0E-42C7-BCE4-F7C7A5B0632C}
		{E8E8F7C5-1817-42B7-BDCB-6C3E726C995C} = {AC5A0320-EA0E-42C7-BCE4-F7C7A5B0632C}
		{300ED01E-8C1C-41D0-81B2-FC277EE5C403} = {AC5A0320-EA0E-42C7-BCE4-F7C7A5B0632C}
		{31C90EDB-F713-468C-843F-124EBDA8E439} = {A615BAB5-B5D2-41C6-8505-0307F8ECAEC7}
		{1E0A3CD4-0BD5-4EA3-AFE4-91DFE368CC6F} = {F07CC0A0-9C64-4E33-BE0F-AA334DE484D9}
		{4873A9C4-5509-44FC-975B-12C7B9077F48} = {5B44B833-4E62-40CF-90B0-E426D3379B16}
		{478FD050-E472-42DA-A832-F8DACE34D59F} = {54AC392D-50D1-411A-A2A6-9101243B5A20}
		{E4BD2A4C-C901-4738-AEBF-3FC1743D6EF1} = {7BFFCC50-090F-4A75-AD4E-BD1552ACC7EF}
		{ECE439CE-C324-401E-8124-E795DFDB0916} = {EA169EC7-FEF8-4FD8-BC3D-7394362807C3}
		{864E71BC-B1E3-4D2D-9771-74557D87C059} = {D73A3725-DF42-48CF-8C72-F8F1467B7E5B}
		{768ADF6D-6AAA-4C95-BD17-15B580F415F1} = {557959CA-D3C2-43FE-99F3-9B267B595A63}
		{012106B2-82F7-479C-87CB-33B263AC0E7F} = {0BC3E489-2798-4625-A005-8F89BBDCC425}
		{51ADED94-BBD9-4C75-9CE1-EFC7DC1D86AB} = {FAF1B2ED-FDF1-44B4-B819-2B0097BC248A}
		{B2B06F20-91AA-4BF8-A56C-A890189D1BD5} = {E8E8F7C5-1817-42B7-BDCB-6C3E726C995C}
		{89BC5763-9BF2-4C07-90E3-4B8DB47F90C1} = {300ED01E-8C1C-41D0-81B2-FC277EE5C403}
	EndGlobalSection
	GlobalSection(ExtensibilityGlobals) = postSolution
		SolutionGuid = {EB4EFE9B-E6D6-42CF-9156-9822ED120101}
	EndGlobalSection
EndGlobal
