
Microsoft Visual Studio Solution File, Format Version 12.00
# Visual Studio Version 16
VisualStudioVersion = 16.0.30611.23
MinimumVisualStudioVersion = 10.0.40219.1
Project("{2150E333-8FDC-42A3-9474-1A3956D46DE8}") = "VaultIntegration_Example", "VaultIntegration_Example", "{BC014C9C-3C2D-43C8-87CD-AC56596169CB}"
EndProject
Project("{9A19103F-16F7-4668-BE54-9A1E7A4F7556}") = "VaultIntegration_Example", "Example\VaultIntegration_Example\VaultIntegration_Example.csproj", "{F6C10915-B12A-4FC7-BB73-C2CE72684E6F}"
EndProject
Project("{2150E333-8FDC-42A3-9474-1A3956D46DE8}") = "Example", "Example", "{45B4D408-5630-4195-957A-5D99B72F9FF0}"
EndProject
Project("{2150E333-8FDC-42A3-9474-1A3956D46DE8}") = "src", "src", "{AC5A0320-EA0E-42C7-BCE4-F7C7A5B0632C}"
EndProject
Project("{2150E333-8FDC-42A3-9474-1A3956D46DE8}") = "Joint", "Joint", "{E2F5BE0A-37FF-41E1-8177-AD1E547AA1CB}"
EndProject
Global
	GlobalSection(SolutionConfigurationPlatforms) = preSolution
		Debug|Any CPU = Debug|Any CPU
		Release|Any CPU = Release|Any CPU
	EndGlobalSection
	GlobalSection(ProjectConfigurationPlatforms) = postSolution
		{F6C10915-B12A-4FC7-BB73-C2CE72684E6F}.Debug|Any CPU.ActiveCfg = Debug|Any CPU
		{F6C10915-B12A-4FC7-BB73-C2CE72684E6F}.Debug|Any CPU.Build.0 = Debug|Any CPU
		{F6C10915-B12A-4FC7-BB73-C2CE72684E6F}.Release|Any CPU.ActiveCfg = Release|Any CPU
		{F6C10915-B12A-4FC7-BB73-C2CE72684E6F}.Release|Any CPU.Build.0 = Release|Any CPU
	EndGlobalSection
	GlobalSection(SolutionProperties) = preSolution
		HideSolutionNode = FALSE
	EndGlobalSection
	GlobalSection(NestedProjects) = preSolution
		{BC014C9C-3C2D-43C8-87CD-AC56596169CB} = {45B4D408-5630-4195-957A-5D99B72F9FF0}
		{F6C10915-B12A-4FC7-BB73-C2CE72684E6F} = {BC014C9C-3C2D-43C8-87CD-AC56596169CB}
		{E2F5BE0A-37FF-41E1-8177-AD1E547AA1CB} = {AC5A0320-EA0E-42C7-BCE4-F7C7A5B0632C}
	EndGlobalSection
	GlobalSection(ExtensibilityGlobals) = postSolution
		SolutionGuid = {DE658F77-A394-446D-86C8-0B2EF87A34BF}
	EndGlobalSection
EndGlobal
